
Microsoft Visual Studio Solution File, Format Version 12.00
# Visual Studio Version 16
VisualStudioVersion = 16.0.29806.167
MinimumVisualStudioVersion = 10.0.40219.1
Project("{FAE04EC0-301F-11D3-BF4B-00C04F79EFBC}") = "Employee", "Employee\Employee.csproj", "{BBB52091-882B-4724-9168-57DD227DDD82}"
EndProject
Global
	GlobalSection(SolutionConfigurationPlatforms) = preSolution
		Debug|Any CPU = Debug|Any CPU
		Release|Any CPU = Release|Any CPU
	EndGlobalSection
	GlobalSection(ProjectConfigurationPlatforms) = postSolution
		{BBB52091-882B-4724-9168-57DD227DDD82}.Debug|Any CPU.ActiveCfg = Debug|Any CPU
		{BBB52091-882B-4724-9168-57DD227DDD82}.Debug|Any CPU.Build.0 = Debug|Any CPU
		{BBB52091-882B-4724-9168-57DD227DDD82}.Release|Any CPU.ActiveCfg = Release|Any CPU
		{BBB52091-882B-4724-9168-57DD227DDD82}.Release|Any CPU.Build.0 = Release|Any CPU
	EndGlobalSection
	GlobalSection(SolutionProperties) = preSolution
		HideSolutionNode = FALSE
	EndGlobalSection
	GlobalSection(ExtensibilityGlobals) = postSolution
		SolutionGuid = {B1252E7F-A345-414F-B40C-B40F95623E2D}
	EndGlobalSection
EndGlobal
